DEPENDENCIES
  liferay
    path: .
    metadata: true
  unzip
    path: ../unzip

GRAPH
  apt (2.9.2)
  build-essential (2.2.4)
  chef-sugar (3.3.0)
  database (4.0.9)
    postgresql (>= 1.0.0)
  imagemagick (0.2.3)
  java (1.39.0)
    apt (>= 0.0.0)
  liferay (0.13.1)
    apt (>= 0.0.0)
    database (>= 0.0.0)
    imagemagick (>= 0.0.0)
    java (>= 0.0.0)
    mysql (>= 0.0.0)
    mysql_connector (>= 0.0.0)
    postgresql (>= 0.0.0)
    unzip (>= 0.0.0)
  mysql (6.1.2)
    smf (>= 0.0.0)
    yum-mysql-community (>= 0.0.0)
  mysql_connector (0.8.1)
  openssl (4.4.0)
    chef-sugar (>= 3.1.1)
  postgresql (4.0.0)
    apt (>= 1.9.0)
    build-essential (>= 0.0.0)
    openssl (~> 4.0)
  rbac (1.0.3)
  smf (2.2.7)
    rbac (>= 1.0.1)
  unzip (0.0.1)
  yum (3.10.0)
  yum-mysql-community (0.1.21)
    yum (>= 3.2)
